
Microsoft Visual Studio Solution File, Format Version 12.00
# Visual Studio Version 17
VisualStudioVersion = 17.2.32526.322
MinimumVisualStudioVersion = 10.0.40219.1
Project("{2150E333-8FDC-42A3-9474-1A3956D46DE8}") = "Tests", "Tests", "{5AF6CF0E-A753-475A-8E96-D9530D1B4D7D}"
EndProject
Project("{9A19103F-16F7-4668-BE54-9A1E7A4F7556}") = "FluentTranslate", "FluentTranslate\FluentTranslate.csproj", "{4EBD1477-A59E-44EC-9403-5B7F91BD0A04}"
EndProject
Project("{9A19103F-16F7-4668-BE54-9A1E7A4F7556}") = "FluentTranslate.Tests", "FluentTranslate.Tests\FluentTranslate.Tests.csproj", "{C8BAC98F-6DD7-448A-AF5C-E151CEFF21E4}"
EndProject
Project("{9A19103F-16F7-4668-BE54-9A1E7A4F7556}") = "FluentTranslate.WebApi", "FluentTranslate.WebApi\FluentTranslate.WebApi.csproj", "{AC438054-149F-4A3C-84C8-878CE22DE4DF}"
EndProject
Global
	GlobalSection(SolutionConfigurationPlatforms) = preSolution
		Debug|Any CPU = Debug|Any CPU
		Release|Any CPU = Release|Any CPU
	EndGlobalSection
	GlobalSection(ProjectConfigurationPlatforms) = postSolution
		{AC438054-149F-4A3C-84C8-878CE22DE4DF}.Debug|Any CPU.ActiveCfg = Debug|Any CPU
		{AC438054-149F-4A3C-84C8-878CE22DE4DF}.Debug|Any CPU.Build.0 = Debug|Any CPU
		{AC438054-149F-4A3C-84C8-878CE22DE4DF}.Release|Any CPU.ActiveCfg = Release|Any CPU
		{AC438054-149F-4A3C-84C8-878CE22DE4DF}.Release|Any CPU.Build.0 = Release|Any CPU
		{C8BAC98F-6DD7-448A-AF5C-E151CEFF21E4}.Debug|Any CPU.ActiveCfg = Debug|Any CPU
		{C8BAC98F-6DD7-448A-AF5C-E151CEFF21E4}.Debug|Any CPU.Build.0 = Debug|Any CPU
		{C8BAC98F-6DD7-448A-AF5C-E151CEFF21E4}.Release|Any CPU.ActiveCfg = Release|Any CPU
		{C8BAC98F-6DD7-448A-AF5C-E151CEFF21E4}.Release|Any CPU.Build.0 = Release|Any CPU
		{4EBD1477-A59E-44EC-9403-5B7F91BD0A04}.Debug|Any CPU.ActiveCfg = Debug|Any CPU
		{4EBD1477-A59E-44EC-9403-5B7F91BD0A04}.Debug|Any CPU.Build.0 = Debug|Any CPU
		{4EBD1477-A59E-44EC-9403-5B7F91BD0A04}.Release|Any CPU.ActiveCfg = Release|Any CPU
		{4EBD1477-A59E-44EC-9403-5B7F91BD0A04}.Release|Any CPU.Build.0 = Release|Any CPU
	EndGlobalSection
	GlobalSection(SolutionProperties) = preSolution
		HideSolutionNode = FALSE
	EndGlobalSection
	GlobalSection(NestedProjects) = preSolution
		{C8BAC98F-6DD7-448A-AF5C-E151CEFF21E4} = {5AF6CF0E-A753-475A-8E96-D9530D1B4D7D}
	EndGlobalSection
	GlobalSection(ExtensibilityGlobals) = postSolution
		SolutionGuid = {56E25526-90AA-4A5F-BAA8-FD30E2BC5973}
	EndGlobalSection
EndGlobal
