
Microsoft Visual Studio Solution File, Format Version 12.00
# Visual Studio Version 16
VisualStudioVersion = 16.0.30413.136
MinimumVisualStudioVersion = 10.0.40219.1
Project("{9A19103F-16F7-4668-BE54-9A1E7A4F7556}") = "FluentTranslate.Core", "FluentTranslate.Core\FluentTranslate.Core.csproj", "{057B93A7-F9FE-4EB0-841F-EB8125CEA8C9}"
EndProject
Project("{9A19103F-16F7-4668-BE54-9A1E7A4F7556}") = "FluentTranslate.FtlParser", "FluentTranslate.FtlParser\FluentTranslate.FtlParser.csproj", "{4C585E94-3117-461D-855C-A374E2A1BBCD}"
EndProject
Project("{FAE04EC0-301F-11D3-BF4B-00C04F79EFBC}") = "FluentTranslate.Service", "FluentTranslate.Service\FluentTranslate.Service.csproj", "{16FDFCB0-0E42-4E7E-8920-4ED034298D82}"
EndProject
Project("{FAE04EC0-301F-11D3-BF4B-00C04F79EFBC}") = "FluentTranslate.Client", "FluentTranslate.Client\FluentTranslate.Client.csproj", "{D2107529-C444-4440-9102-EB423A27CD10}"
EndProject
Global
	GlobalSection(SolutionConfigurationPlatforms) = preSolution
		Debug|Any CPU = Debug|Any CPU
		Release|Any CPU = Release|Any CPU
	EndGlobalSection
	GlobalSection(ProjectConfigurationPlatforms) = postSolution
		{057B93A7-F9FE-4EB0-841F-EB8125CEA8C9}.Debug|Any CPU.ActiveCfg = Debug|Any CPU
		{057B93A7-F9FE-4EB0-841F-EB8125CEA8C9}.Debug|Any CPU.Build.0 = Debug|Any CPU
		{057B93A7-F9FE-4EB0-841F-EB8125CEA8C9}.Release|Any CPU.ActiveCfg = Release|Any CPU
		{057B93A7-F9FE-4EB0-841F-EB8125CEA8C9}.Release|Any CPU.Build.0 = Release|Any CPU
		{4C585E94-3117-461D-855C-A374E2A1BBCD}.Debug|Any CPU.ActiveCfg = Debug|Any CPU
		{4C585E94-3117-461D-855C-A374E2A1BBCD}.Debug|Any CPU.Build.0 = Debug|Any CPU
		{4C585E94-3117-461D-855C-A374E2A1BBCD}.Release|Any CPU.ActiveCfg = Release|Any CPU
		{4C585E94-3117-461D-855C-A374E2A1BBCD}.Release|Any CPU.Build.0 = Release|Any CPU
		{16FDFCB0-0E42-4E7E-8920-4ED034298D82}.Debug|Any CPU.ActiveCfg = Debug|Any CPU
		{16FDFCB0-0E42-4E7E-8920-4ED034298D82}.Debug|Any CPU.Build.0 = Debug|Any CPU
		{16FDFCB0-0E42-4E7E-8920-4ED034298D82}.Release|Any CPU.ActiveCfg = Release|Any CPU
		{16FDFCB0-0E42-4E7E-8920-4ED034298D82}.Release|Any CPU.Build.0 = Release|Any CPU
		{D2107529-C444-4440-9102-EB423A27CD10}.Debug|Any CPU.ActiveCfg = Debug|Any CPU
		{D2107529-C444-4440-9102-EB423A27CD10}.Debug|Any CPU.Build.0 = Debug|Any CPU
		{D2107529-C444-4440-9102-EB423A27CD10}.Release|Any CPU.ActiveCfg = Release|Any CPU
		{D2107529-C444-4440-9102-EB423A27CD10}.Release|Any CPU.Build.0 = Release|Any CPU
	EndGlobalSection
	GlobalSection(SolutionProperties) = preSolution
		HideSolutionNode = FALSE
	EndGlobalSection
	GlobalSection(ExtensibilityGlobals) = postSolution
		SolutionGuid = {4A32DFD0-F21C-4A71-AAAA-7D4E0BD747EC}
	EndGlobalSection
EndGlobal
