
Microsoft Visual Studio Solution File, Format Version 12.00
# Visual Studio Version 16
VisualStudioVersion = 16.0.30413.136
MinimumVisualStudioVersion = 10.0.40219.1
Project("{9A19103F-16F7-4668-BE54-9A1E7A4F7556}") = "FluentTranslate.Service", "FluentTranslate.Service\FluentTranslate.Service.csproj", "{16FDFCB0-0E42-4E7E-8920-4ED034298D82}"
EndProject
Project("{9A19103F-16F7-4668-BE54-9A1E7A4F7556}") = "FluentTranslate.Client", "FluentTranslate.Client\FluentTranslate.Client.csproj", "{D2107529-C444-4440-9102-EB423A27CD10}"
EndProject
Project("{9A19103F-16F7-4668-BE54-9A1E7A4F7556}") = "FluentTranslate.Common", "FluentTranslate.Common\FluentTranslate.Common.csproj", "{3862B5B3-0328-4706-9FF8-93388D347B48}"
EndProject
Project("{9A19103F-16F7-4668-BE54-9A1E7A4F7556}") = "FluentTranslate.Parser", "FluentTranslate.Parser\FluentTranslate.Parser.csproj", "{F218AD05-2D9C-42D3-AD93-F92313B62CAB}"
EndProject
Project("{9A19103F-16F7-4668-BE54-9A1E7A4F7556}") = "FluentTranslate.Parser.Tests", "FluentTranslate.Parser.Tests\FluentTranslate.Parser.Tests.csproj", "{DC8FE84E-E4A2-4070-A2B3-BCAC7D178750}"
EndProject
Project("{9A19103F-16F7-4668-BE54-9A1E7A4F7556}") = "FluentTranslate.Service.Hosting", "FluentTranslate.Service.Hosting\FluentTranslate.Service.Hosting.csproj", "{A672A250-B1AB-4F34-90A6-486325BD68E0}"
EndProject
Global
	GlobalSection(SolutionConfigurationPlatforms) = preSolution
		Debug|Any CPU = Debug|Any CPU
		Release|Any CPU = Release|Any CPU
	EndGlobalSection
	GlobalSection(ProjectConfigurationPlatforms) = postSolution
		{16FDFCB0-0E42-4E7E-8920-4ED034298D82}.Debug|Any CPU.ActiveCfg = Debug|Any CPU
		{16FDFCB0-0E42-4E7E-8920-4ED034298D82}.Debug|Any CPU.Build.0 = Debug|Any CPU
		{16FDFCB0-0E42-4E7E-8920-4ED034298D82}.Release|Any CPU.ActiveCfg = Release|Any CPU
		{16FDFCB0-0E42-4E7E-8920-4ED034298D82}.Release|Any CPU.Build.0 = Release|Any CPU
		{D2107529-C444-4440-9102-EB423A27CD10}.Debug|Any CPU.ActiveCfg = Debug|Any CPU
		{D2107529-C444-4440-9102-EB423A27CD10}.Debug|Any CPU.Build.0 = Debug|Any CPU
		{D2107529-C444-4440-9102-EB423A27CD10}.Release|Any CPU.ActiveCfg = Release|Any CPU
		{D2107529-C444-4440-9102-EB423A27CD10}.Release|Any CPU.Build.0 = Release|Any CPU
		{3862B5B3-0328-4706-9FF8-93388D347B48}.Debug|Any CPU.ActiveCfg = Debug|Any CPU
		{3862B5B3-0328-4706-9FF8-93388D347B48}.Debug|Any CPU.Build.0 = Debug|Any CPU
		{3862B5B3-0328-4706-9FF8-93388D347B48}.Release|Any CPU.ActiveCfg = Release|Any CPU
		{3862B5B3-0328-4706-9FF8-93388D347B48}.Release|Any CPU.Build.0 = Release|Any CPU
		{F218AD05-2D9C-42D3-AD93-F92313B62CAB}.Debug|Any CPU.ActiveCfg = Debug|Any CPU
		{F218AD05-2D9C-42D3-AD93-F92313B62CAB}.Debug|Any CPU.Build.0 = Debug|Any CPU
		{F218AD05-2D9C-42D3-AD93-F92313B62CAB}.Release|Any CPU.ActiveCfg = Release|Any CPU
		{F218AD05-2D9C-42D3-AD93-F92313B62CAB}.Release|Any CPU.Build.0 = Release|Any CPU
		{DC8FE84E-E4A2-4070-A2B3-BCAC7D178750}.Debug|Any CPU.ActiveCfg = Debug|Any CPU
		{DC8FE84E-E4A2-4070-A2B3-BCAC7D178750}.Debug|Any CPU.Build.0 = Debug|Any CPU
		{DC8FE84E-E4A2-4070-A2B3-BCAC7D178750}.Release|Any CPU.ActiveCfg = Release|Any CPU
		{DC8FE84E-E4A2-4070-A2B3-BCAC7D178750}.Release|Any CPU.Build.0 = Release|Any CPU
		{A672A250-B1AB-4F34-90A6-486325BD68E0}.Debug|Any CPU.ActiveCfg = Debug|Any CPU
		{A672A250-B1AB-4F34-90A6-486325BD68E0}.Debug|Any CPU.Build.0 = Debug|Any CPU
		{A672A250-B1AB-4F34-90A6-486325BD68E0}.Release|Any CPU.ActiveCfg = Release|Any CPU
		{A672A250-B1AB-4F34-90A6-486325BD68E0}.Release|Any CPU.Build.0 = Release|Any CPU
	EndGlobalSection
	GlobalSection(SolutionProperties) = preSolution
		HideSolutionNode = FALSE
	EndGlobalSection
	GlobalSection(ExtensibilityGlobals) = postSolution
		SolutionGuid = {4A32DFD0-F21C-4A71-AAAA-7D4E0BD747EC}
	EndGlobalSection
EndGlobal
